
Microsoft Visual Studio Solution File, Format Version 12.00
# Visual Studio 15
VisualStudioVersion = 15.0.28307.852
MinimumVisualStudioVersion = 10.0.40219.1
Project("{FAE04EC0-301F-11D3-BF4B-00C04F79EFBC}") = "App1.Android", "App1\App1.Android\App1.Android.csproj", "{86F5CADB-0E74-463A-B1D4-F13FA4D06DD1}"
EndProject
Project("{FAE04EC0-301F-11D3-BF4B-00C04F79EFBC}") = "App1.iOS", "App1\App1.iOS\App1.iOS.csproj", "{FEC98AB5-FC5F-45F6-A1F3-BCB5CD311652}"
EndProject
Project("{FAE04EC0-301F-11D3-BF4B-00C04F79EFBC}") = "App1", "App1\App1\App1.csproj", "{8D029E07-E783-4C22-AD54-E555DA6686AD}"
EndProject
Global
	GlobalSection(SolutionConfigurationPlatforms) = preSolution
		Ad-Hoc|Any CPU = Ad-Hoc|Any CPU
		Ad-Hoc|iPhone = Ad-Hoc|iPhone
		Ad-Hoc|iPhoneSimulator = Ad-Hoc|iPhoneSimulator
		AppStore|Any CPU = AppStore|Any CPU
		AppStore|iPhone = AppStore|iPhone
		AppStore|iPhoneSimulator = AppStore|iPhoneSimulator
		Debug|Any CPU = Debug|Any CPU
		Debug|iPhone = Debug|iPhone
		Debug|iPhoneSimulator = Debug|iPhoneSimulator
		Release|Any CPU = Release|Any CPU
		Release|iPhone = Release|iPhone
		Release|iPhoneSimulator = Release|iPhoneSimulator
	EndGlobalSection
	GlobalSection(ProjectConfigurationPlatforms) = postSolution
		{86F5CADB-0E74-463A-B1D4-F13FA4D06DD1}.Ad-Hoc|Any CPU.ActiveCfg = Release|Any CPU
		{86F5CADB-0E74-463A-B1D4-F13FA4D06DD1}.Ad-Hoc|Any CPU.Build.0 = Release|Any CPU
		{86F5CADB-0E74-463A-B1D4-F13FA4D06DD1}.Ad-Hoc|Any CPU.Deploy.0 = Release|Any CPU
		{86F5CADB-0E74-463A-B1D4-F13FA4D06DD1}.Ad-Hoc|iPhone.ActiveCfg = Release|Any CPU
		{86F5CADB-0E74-463A-B1D4-F13FA4D06DD1}.Ad-Hoc|iPhone.Build.0 = Release|Any CPU
		{86F5CADB-0E74-463A-B1D4-F13FA4D06DD1}.Ad-Hoc|iPhone.Deploy.0 = Release|Any CPU
		{86F5CADB-0E74-463A-B1D4-F13FA4D06DD1}.Ad-Hoc|iPhoneSimulator.ActiveCfg = Release|Any CPU
		{86F5CADB-0E74-463A-B1D4-F13FA4D06DD1}.Ad-Hoc|iPhoneSimulator.Build.0 = Release|Any CPU
		{86F5CADB-0E74-463A-B1D4-F13FA4D06DD1}.Ad-Hoc|iPhoneSimulator.Deploy.0 = Release|Any CPU
		{86F5CADB-0E74-463A-B1D4-F13FA4D06DD1}.AppStore|Any CPU.ActiveCfg = Release|Any CPU
		{86F5CADB-0E74-463A-B1D4-F13FA4D06DD1}.AppStore|Any CPU.Build.0 = Release|Any CPU
		{86F5CADB-0E74-463A-B1D4-F13FA4D06DD1}.AppStore|Any CPU.Deploy.0 = Release|Any CPU
		{86F5CADB-0E74-463A-B1D4-F13FA4D06DD1}.AppStore|iPhone.ActiveCfg = Release|Any CPU
		{86F5CADB-0E74-463A-B1D4-F13FA4D06DD1}.AppStore|iPhone.Build.0 = Release|Any CPU
		{86F5CADB-0E74-463A-B1D4-F13FA4D06DD1}.AppStore|iPhone.Deploy.0 = Release|Any CPU
		{86F5CADB-0E74-463A-B1D4-F13FA4D06DD1}.AppStore|iPhoneSimulator.ActiveCfg = Release|Any CPU
		{86F5CADB-0E74-463A-B1D4-F13FA4D06DD1}.AppStore|iPhoneSimulator.Build.0 = Release|Any CPU
		{86F5CADB-0E74-463A-B1D4-F13FA4D06DD1}.AppStore|iPhoneSimulator.Deploy.0 = Release|Any CPU
		{86F5CADB-0E74-463A-B1D4-F13FA4D06DD1}.Debug|Any CPU.ActiveCfg = Debug|Any CPU
		{86F5CADB-0E74-463A-B1D4-F13FA4D06DD1}.Debug|Any CPU.Build.0 = Debug|Any CPU
		{86F5CADB-0E74-463A-B1D4-F13FA4D06DD1}.Debug|Any CPU.Deploy.0 = Debug|Any CPU
		{86F5CADB-0E74-463A-B1D4-F13FA4D06DD1}.Debug|iPhone.ActiveCfg = Debug|Any CPU
		{86F5CADB-0E74-463A-B1D4-F13FA4D06DD1}.Debug|iPhone.Build.0 = Debug|Any CPU
		{86F5CADB-0E74-463A-B1D4-F13FA4D06DD1}.Debug|iPhone.Deploy.0 = Debug|Any CPU
		{86F5CADB-0E74-463A-B1D4-F13FA4D06DD1}.Debug|iPhoneSimulator.ActiveCfg = Debug|Any CPU
		{86F5CADB-0E74-463A-B1D4-F13FA4D06DD1}.Debug|iPhoneSimulator.Build.0 = Debug|Any CPU
		{86F5CADB-0E74-463A-B1D4-F13FA4D06DD1}.Debug|iPhoneSimulator.Deploy.0 = Debug|Any CPU
		{86F5CADB-0E74-463A-B1D4-F13FA4D06DD1}.Release|Any CPU.ActiveCfg = Release|Any CPU
		{86F5CADB-0E74-463A-B1D4-F13FA4D06DD1}.Release|Any CPU.Build.0 = Release|Any CPU
		{86F5CADB-0E74-463A-B1D4-F13FA4D06DD1}.Release|Any CPU.Deploy.0 = Release|Any CPU
		{86F5CADB-0E74-463A-B1D4-F13FA4D06DD1}.Release|iPhone.ActiveCfg = Release|Any CPU
		{86F5CADB-0E74-463A-B1D4-F13FA4D06DD1}.Release|iPhone.Build.0 = Release|Any CPU
		{86F5CADB-0E74-463A-B1D4-F13FA4D06DD1}.Release|iPhone.Deploy.0 = Release|Any CPU
		{86F5CADB-0E74-463A-B1D4-F13FA4D06DD1}.Release|iPhoneSimulator.ActiveCfg = Release|Any CPU
		{86F5CADB-0E74-463A-B1D4-F13FA4D06DD1}.Release|iPhoneSimulator.Build.0 = Release|Any CPU
		{86F5CADB-0E74-463A-B1D4-F13FA4D06DD1}.Release|iPhoneSimulator.Deploy.0 = Release|Any CPU
		{FEC98AB5-FC5F-45F6-A1F3-BCB5CD311652}.Ad-Hoc|Any CPU.ActiveCfg = Ad-Hoc|iPhone
		{FEC98AB5-FC5F-45F6-A1F3-BCB5CD311652}.Ad-Hoc|Any CPU.Build.0 = Ad-Hoc|iPhone
		{FEC98AB5-FC5F-45F6-A1F3-BCB5CD311652}.Ad-Hoc|Any CPU.Deploy.0 = Ad-Hoc|iPhone
		{FEC98AB5-FC5F-45F6-A1F3-BCB5CD311652}.Ad-Hoc|iPhone.ActiveCfg = Ad-Hoc|iPhone
		{FEC98AB5-FC5F-45F6-A1F3-BCB5CD311652}.Ad-Hoc|iPhone.Build.0 = Ad-Hoc|iPhone
		{FEC98AB5-FC5F-45F6-A1F3-BCB5CD311652}.Ad-Hoc|iPhone.Deploy.0 = Ad-Hoc|iPhone
		{FEC98AB5-FC5F-45F6-A1F3-BCB5CD311652}.Ad-Hoc|iPhoneSimulator.ActiveCfg = Ad-Hoc|iPhoneSimulator
		{FEC98AB5-FC5F-45F6-A1F3-BCB5CD311652}.Ad-Hoc|iPhoneSimulator.Build.0 = Ad-Hoc|iPhoneSimulator
		{FEC98AB5-FC5F-45F6-A1F3-BCB5CD311652}.Ad-Hoc|iPhoneSimulator.Deploy.0 = Ad-Hoc|iPhoneSimulator
		{FEC98AB5-FC5F-45F6-A1F3-BCB5CD311652}.AppStore|Any CPU.ActiveCfg = AppStore|iPhone
		{FEC98AB5-FC5F-45F6-A1F3-BCB5CD311652}.AppStore|Any CPU.Build.0 = AppStore|iPhone
		{FEC98AB5-FC5F-45F6-A1F3-BCB5CD311652}.AppStore|Any CPU.Deploy.0 = AppStore|iPhone
		{FEC98AB5-FC5F-45F6-A1F3-BCB5CD311652}.AppStore|iPhone.ActiveCfg = AppStore|iPhone
		{FEC98AB5-FC5F-45F6-A1F3-BCB5CD311652}.AppStore|iPhone.Build.0 = AppStore|iPhone
		{FEC98AB5-FC5F-45F6-A1F3-BCB5CD311652}.AppStore|iPhone.Deploy.0 = AppStore|iPhone
		{FEC98AB5-FC5F-45F6-A1F3-BCB5CD311652}.AppStore|iPhoneSimulator.ActiveCfg = AppStore|iPhoneSimulator
		{FEC98AB5-FC5F-45F6-A1F3-BCB5CD311652}.AppStore|iPhoneSimulator.Build.0 = AppStore|iPhoneSimulator
		{FEC98AB5-FC5F-45F6-A1F3-BCB5CD311652}.AppStore|iPhoneSimulator.Deploy.0 = AppStore|iPhoneSimulator
		{FEC98AB5-FC5F-45F6-A1F3-BCB5CD311652}.Debug|Any CPU.ActiveCfg = Debug|iPhoneSimulator
		{FEC98AB5-FC5F-45F6-A1F3-BCB5CD311652}.Debug|Any CPU.Build.0 = Debug|iPhoneSimulator
		{FEC98AB5-FC5F-45F6-A1F3-BCB5CD311652}.Debug|Any CPU.Deploy.0 = Debug|iPhoneSimulator
		{FEC98AB5-FC5F-45F6-A1F3-BCB5CD311652}.Debug|iPhone.ActiveCfg = Debug|iPhone
		{FEC98AB5-FC5F-45F6-A1F3-BCB5CD311652}.Debug|iPhone.Build.0 = Debug|iPhone
		{FEC98AB5-FC5F-45F6-A1F3-BCB5CD311652}.Debug|iPhone.Deploy.0 = Debug|iPhone
		{FEC98AB5-FC5F-45F6-A1F3-BCB5CD311652}.Debug|iPhoneSimulator.ActiveCfg = Debug|iPhoneSimulator
		{FEC98AB5-FC5F-45F6-A1F3-BCB5CD311652}.Debug|iPhoneSimulator.Build.0 = Debug|iPhoneSimulator
		{FEC98AB5-FC5F-45F6-A1F3-BCB5CD311652}.Debug|iPhoneSimulator.Deploy.0 = Debug|iPhoneSimulator
		{FEC98AB5-FC5F-45F6-A1F3-BCB5CD311652}.Release|Any CPU.ActiveCfg = Release|iPhone
		{FEC98AB5-FC5F-45F6-A1F3-BCB5CD311652}.Release|Any CPU.Build.0 = Release|iPhone
		{FEC98AB5-FC5F-45F6-A1F3-BCB5CD311652}.Release|Any CPU.Deploy.0 = Release|iPhone
		{FEC98AB5-FC5F-45F6-A1F3-BCB5CD311652}.Release|iPhone.ActiveCfg = Release|iPhone
		{FEC98AB5-FC5F-45F6-A1F3-BCB5CD311652}.Release|iPhone.Build.0 = Release|iPhone
		{FEC98AB5-FC5F-45F6-A1F3-BCB5CD311652}.Release|iPhone.Deploy.0 = Release|iPhone
		{FEC98AB5-FC5F-45F6-A1F3-BCB5CD311652}.Release|iPhoneSimulator.ActiveCfg = Release|iPhoneSimulator
		{FEC98AB5-FC5F-45F6-A1F3-BCB5CD311652}.Release|iPhoneSimulator.Build.0 = Release|iPhoneSimulator
		{FEC98AB5-FC5F-45F6-A1F3-BCB5CD311652}.Release|iPhoneSimulator.Deploy.0 = Release|iPhoneSimulator
		{8D029E07-E783-4C22-AD54-E555DA6686AD}.Ad-Hoc|Any CPU.ActiveCfg = Debug|Any CPU
		{8D029E07-E783-4C22-AD54-E555DA6686AD}.Ad-Hoc|Any CPU.Build.0 = Debug|Any CPU
		{8D029E07-E783-4C22-AD54-E555DA6686AD}.Ad-Hoc|Any CPU.Deploy.0 = Debug|Any CPU
		{8D029E07-E783-4C22-AD54-E555DA6686AD}.Ad-Hoc|iPhone.ActiveCfg = Debug|Any CPU
		{8D029E07-E783-4C22-AD54-E555DA6686AD}.Ad-Hoc|iPhone.Build.0 = Debug|Any CPU
		{8D029E07-E783-4C22-AD54-E555DA6686AD}.Ad-Hoc|iPhone.Deploy.0 = Debug|Any CPU
		{8D029E07-E783-4C22-AD54-E555DA6686AD}.Ad-Hoc|iPhoneSimulator.ActiveCfg = Debug|Any CPU
		{8D029E07-E783-4C22-AD54-E555DA6686AD}.Ad-Hoc|iPhoneSimulator.Build.0 = Debug|Any CPU
		{8D029E07-E783-4C22-AD54-E555DA6686AD}.Ad-Hoc|iPhoneSimulator.Deploy.0 = Debug|Any CPU
		{8D029E07-E783-4C22-AD54-E555DA6686AD}.AppStore|Any CPU.ActiveCfg = Debug|Any CPU
		{8D029E07-E783-4C22-AD54-E555DA6686AD}.AppStore|Any CPU.Build.0 = Debug|Any CPU
		{8D029E07-E783-4C22-AD54-E555DA6686AD}.AppStore|Any CPU.Deploy.0 = Debug|Any CPU
		{8D029E07-E783-4C22-AD54-E555DA6686AD}.AppStore|iPhone.ActiveCfg = Debug|Any CPU
		{8D029E07-E783-4C22-AD54-E555DA6686AD}.AppStore|iPhone.Build.0 = Debug|Any CPU
		{8D029E07-E783-4C22-AD54-E555DA6686AD}.AppStore|iPhone.Deploy.0 = Debug|Any CPU
		{8D029E07-E783-4C22-AD54-E555DA6686AD}.AppStore|iPhoneSimulator.ActiveCfg = Debug|Any CPU
		{8D029E07-E783-4C22-AD54-E555DA6686AD}.AppStore|iPhoneSimulator.Build.0 = Debug|Any CPU
		{8D029E07-E783-4C22-AD54-E555DA6686AD}.AppStore|iPhoneSimulator.Deploy.0 = Debug|Any CPU
		{8D029E07-E783-4C22-AD54-E555DA6686AD}.Debug|Any CPU.ActiveCfg = Debug|Any CPU
		{8D029E07-E783-4C22-AD54-E555DA6686AD}.Debug|Any CPU.Build.0 = Debug|Any CPU
		{8D029E07-E783-4C22-AD54-E555DA6686AD}.Debug|Any CPU.Deploy.0 = Debug|Any CPU
		{8D029E07-E783-4C22-AD54-E555DA6686AD}.Debug|iPhone.ActiveCfg = Debug|Any CPU
		{8D029E07-E783-4C22-AD54-E555DA6686AD}.Debug|iPhone.Build.0 = Debug|Any CPU
		{8D029E07-E783-4C22-AD54-E555DA6686AD}.Debug|iPhone.Deploy.0 = Debug|Any CPU
		{8D029E07-E783-4C22-AD54-E555DA6686AD}.Debug|iPhoneSimulator.ActiveCfg = Debug|Any CPU
		{8D029E07-E783-4C22-AD54-E555DA6686AD}.Debug|iPhoneSimulator.Build.0 = Debug|Any CPU
		{8D029E07-E783-4C22-AD54-E555DA6686AD}.Debug|iPhoneSimulator.Deploy.0 = Debug|Any CPU
		{8D029E07-E783-4C22-AD54-E555DA6686AD}.Release|Any CPU.ActiveCfg = Release|Any CPU
		{8D029E07-E783-4C22-AD54-E555DA6686AD}.Release|Any CPU.Build.0 = Release|Any CPU
		{8D029E07-E783-4C22-AD54-E555DA6686AD}.Release|Any CPU.Deploy.0 = Release|Any CPU
		{8D029E07-E783-4C22-AD54-E555DA6686AD}.Release|iPhone.ActiveCfg = Release|Any CPU
		{8D029E07-E783-4C22-AD54-E555DA6686AD}.Release|iPhone.Build.0 = Release|Any CPU
		{8D029E07-E783-4C22-AD54-E555DA6686AD}.Release|iPhone.Deploy.0 = Release|Any CPU
		{8D029E07-E783-4C22-AD54-E555DA6686AD}.Release|iPhoneSimulator.ActiveCfg = Release|Any CPU
		{8D029E07-E783-4C22-AD54-E555DA6686AD}.Release|iPhoneSimulator.Build.0 = Release|Any CPU
		{8D029E07-E783-4C22-AD54-E555DA6686AD}.Release|iPhoneSimulator.Deploy.0 = Release|Any CPU
	EndGlobalSection
	GlobalSection(SolutionProperties) = preSolution
		HideSolutionNode = FALSE
	EndGlobalSection
	GlobalSection(ExtensibilityGlobals) = postSolution
		SolutionGuid = {DF94505F-A08A-45A1-9DDE-CB348A59FCF1}
	EndGlobalSection
EndGlobal
